
Microsoft Visual Studio Solution File, Format Version 12.00
# Visual Studio 15
VisualStudioVersion = 15.0.26124.0
MinimumVisualStudioVersion = 15.0.26124.0
Project("{2150E333-8FDC-42A3-9474-1A3956D46DE8}") = ".paket", ".paket", "{E93264FF-5772-449F-B48B-4B6AC75631C0}"
	ProjectSection(SolutionItems) = preProject
		paket.dependencies = paket.dependencies
	EndProjectSection
EndProject
Project("{2150E333-8FDC-42A3-9474-1A3956D46DE8}") = "src", "src", "{8866E640-F292-4B38-BABB-3B4C6C037A2C}"
EndProject
Project("{F2A71F9B-5D33-465A-A702-920D77279786}") = "ConstrainedTypes", "src\ConstrainedTypes\ConstrainedTypes.fsproj", "{204E0812-4F21-48BB-B18C-99AF04013495}"
EndProject
Project("{2150E333-8FDC-42A3-9474-1A3956D46DE8}") = "test", "test", "{C3310F61-8B60-4DC8-92B2-7861FBCA094D}"
EndProject
Project("{F2A71F9B-5D33-465A-A702-920D77279786}") = "ConstrainedTypes.Test", "test\ConstrainedTypes.Test\ConstrainedTypes.Test.fsproj", "{3FA46695-100D-49A9-8F32-D20937A3F603}"
EndProject
Global
	GlobalSection(SolutionConfigurationPlatforms) = preSolution
		Debug|Any CPU = Debug|Any CPU
		Debug|x64 = Debug|x64
		Debug|x86 = Debug|x86
		Release|Any CPU = Release|Any CPU
		Release|x64 = Release|x64
		Release|x86 = Release|x86
	EndGlobalSection
	GlobalSection(SolutionProperties) = preSolution
		HideSolutionNode = FALSE
	EndGlobalSection
	GlobalSection(ProjectConfigurationPlatforms) = postSolution
		{204E0812-4F21-48BB-B18C-99AF04013495}.Debug|Any CPU.ActiveCfg = Debug|Any CPU
		{204E0812-4F21-48BB-B18C-99AF04013495}.Debug|Any CPU.Build.0 = Debug|Any CPU
		{204E0812-4F21-48BB-B18C-99AF04013495}.Debug|x64.ActiveCfg = Debug|Any CPU
		{204E0812-4F21-48BB-B18C-99AF04013495}.Debug|x64.Build.0 = Debug|Any CPU
		{204E0812-4F21-48BB-B18C-99AF04013495}.Debug|x86.ActiveCfg = Debug|Any CPU
		{204E0812-4F21-48BB-B18C-99AF04013495}.Debug|x86.Build.0 = Debug|Any CPU
		{204E0812-4F21-48BB-B18C-99AF04013495}.Release|Any CPU.ActiveCfg = Release|Any CPU
		{204E0812-4F21-48BB-B18C-99AF04013495}.Release|Any CPU.Build.0 = Release|Any CPU
		{204E0812-4F21-48BB-B18C-99AF04013495}.Release|x64.ActiveCfg = Release|Any CPU
		{204E0812-4F21-48BB-B18C-99AF04013495}.Release|x64.Build.0 = Release|Any CPU
		{204E0812-4F21-48BB-B18C-99AF04013495}.Release|x86.ActiveCfg = Release|Any CPU
		{204E0812-4F21-48BB-B18C-99AF04013495}.Release|x86.Build.0 = Release|Any CPU
		{3FA46695-100D-49A9-8F32-D20937A3F603}.Debug|Any CPU.ActiveCfg = Debug|Any CPU
		{3FA46695-100D-49A9-8F32-D20937A3F603}.Debug|Any CPU.Build.0 = Debug|Any CPU
		{3FA46695-100D-49A9-8F32-D20937A3F603}.Debug|x64.ActiveCfg = Debug|Any CPU
		{3FA46695-100D-49A9-8F32-D20937A3F603}.Debug|x64.Build.0 = Debug|Any CPU
		{3FA46695-100D-49A9-8F32-D20937A3F603}.Debug|x86.ActiveCfg = Debug|Any CPU
		{3FA46695-100D-49A9-8F32-D20937A3F603}.Debug|x86.Build.0 = Debug|Any CPU
		{3FA46695-100D-49A9-8F32-D20937A3F603}.Release|Any CPU.ActiveCfg = Release|Any CPU
		{3FA46695-100D-49A9-8F32-D20937A3F603}.Release|Any CPU.Build.0 = Release|Any CPU
		{3FA46695-100D-49A9-8F32-D20937A3F603}.Release|x64.ActiveCfg = Release|Any CPU
		{3FA46695-100D-49A9-8F32-D20937A3F603}.Release|x64.Build.0 = Release|Any CPU
		{3FA46695-100D-49A9-8F32-D20937A3F603}.Release|x86.ActiveCfg = Release|Any CPU
		{3FA46695-100D-49A9-8F32-D20937A3F603}.Release|x86.Build.0 = Release|Any CPU
	EndGlobalSection
	GlobalSection(NestedProjects) = preSolution
		{204E0812-4F21-48BB-B18C-99AF04013495} = {8866E640-F292-4B38-BABB-3B4C6C037A2C}
		{3FA46695-100D-49A9-8F32-D20937A3F603} = {C3310F61-8B60-4DC8-92B2-7861FBCA094D}
	EndGlobalSection
EndGlobal
